{
  "name": "lambda-plugin-rain",
  "version": "1.0.0",
  "lockfileVersion": 1,
  "requires": true,
  "dependencies": {
    "@babel/runtime": {
      "version": "7.5.5",
      "resolved": "http://r.cnpmjs.org/@babel/runtime/download/@babel/runtime-7.5.5.tgz",
      "integrity": "sha1-dPulbTXvvspEQJHHhQzNSU/S8TI=",
      "requires": {
        "regenerator-runtime": "^0.13.2"
      }
    },
    "array-union": {
      "version": "1.0.2",
      "resolved": "http://r.cnpmjs.org/array-union/download/array-union-1.0.2.tgz",
      "integrity": "sha1-mjRBDk9OPaI96jdb5b5w8kd47Dk=",
      "requires": {
        "array-uniq": "^1.0.1"
      }
    },
    "array-uniq": {
      "version": "1.0.3",
      "resolved": "http://r.cnpmjs.org/array-uniq/download/array-uniq-1.0.3.tgz",
      "integrity": "sha1-r2rId6Jcx/dOBYiUdThY39sk/bY="
    },
    "balanced-match": {
      "version": "1.0.0",
      "resolved": "http://r.cnpmjs.org/balanced-match/download/balanced-match-1.0.0.tgz",
      "integrity": "sha1-ibTRmasr7kneFk6gK4nORi1xt2c="
    },
    "brace-expansion": {
      "version": "1.1.11",
      "resolved": "http://r.cnpmjs.org/brace-expansion/download/brace-expansion-1.1.11.tgz",
      "integrity": "sha1-PH/L9SnYcibz0vUrlm/1Jx60Qd0=",
      "requires": {
        "balanced-match": "^1.0.0",
        "concat-map": "0.0.1"
      }
    },
    "concat-map": {
      "version": "0.0.1",
      "resolved": "http://r.cnpmjs.org/concat-map/download/concat-map-0.0.1.tgz",
      "integrity": "sha1-2Klr13/Wjfd5OnMDajug1UBdR3s="
    },
    "define-properties": {
      "version": "1.1.3",
      "resolved": "http://r.cnpmjs.org/define-properties/download/define-properties-1.1.3.tgz",
      "integrity": "sha1-z4jabL7ib+bbcJT2HYcMvYTO6fE=",
      "requires": {
        "object-keys": "^1.0.12"
      }
    },
    "dir-glob": {
      "version": "2.2.2",
      "resolved": "http://r.cnpmjs.org/dir-glob/download/dir-glob-2.2.2.tgz",
      "integrity": "sha1-+gnwaUFTyJGLGLoN6vrpR2n8UMQ=",
      "requires": {
        "path-type": "^3.0.0"
      }
    },
    "es-abstract": {
      "version": "1.13.0",
      "resolved": "http://r.cnpmjs.org/es-abstract/download/es-abstract-1.13.0.tgz",
      "integrity": "sha1-rIYUX91QmdjdSVWMy6Lq+biOJOk=",
      "requires": {
        "es-to-primitive": "^1.2.0",
        "function-bind": "^1.1.1",
        "has": "^1.0.3",
        "is-callable": "^1.1.4",
        "is-regex": "^1.0.4",
        "object-keys": "^1.0.12"
      }
    },
    "es-to-primitive": {
      "version": "1.2.0",
      "resolved": "http://r.cnpmjs.org/es-to-primitive/download/es-to-primitive-1.2.0.tgz",
      "integrity": "sha1-7fckeAM0VujdqO8J4ArZZQcH83c=",
      "requires": {
        "is-callable": "^1.1.4",
        "is-date-object": "^1.0.1",
        "is-symbol": "^1.0.2"
      }
    },
    "fs.realpath": {
      "version": "1.0.0",
      "resolved": "http://r.cnpmjs.org/fs.realpath/download/fs.realpath-1.0.0.tgz",
      "integrity": "sha1-FQStJSMVjKpA20onh8sBQRmU6k8="
    },
    "function-bind": {
      "version": "1.1.1",
      "resolved": "http://r.cnpmjs.org/function-bind/download/function-bind-1.1.1.tgz",
      "integrity": "sha1-pWiZ0+o8m6uHS7l3O3xe3pL0iV0="
    },
    "glob": {
      "version": "7.1.4",
      "resolved": "http://r.cnpmjs.org/glob/download/glob-7.1.4.tgz",
      "integrity": "sha1-qmCKL2xXetNX4a5aXCbZqNGWklU=",
      "requires": {
        "fs.realpath": "^1.0.0",
        "inflight": "^1.0.4",
        "inherits": "2",
        "minimatch": "^3.0.4",
        "once": "^1.3.0",
        "path-is-absolute": "^1.0.0"
      }
    },
    "globby": {
      "version": "7.1.1",
      "resolved": "http://r.cnpmjs.org/globby/download/globby-7.1.1.tgz",
      "integrity": "sha1-+yzP+UAfhgCUXfral0QMypcrhoA=",
      "requires": {
        "array-union": "^1.0.1",
        "dir-glob": "^2.0.0",
        "glob": "^7.1.2",
        "ignore": "^3.3.5",
        "pify": "^3.0.0",
        "slash": "^1.0.0"
      }
    },
    "gud": {
      "version": "1.0.0",
      "resolved": "http://r.cnpmjs.org/gud/download/gud-1.0.0.tgz",
      "integrity": "sha1-pIlYGxfmpwvsqavjrlfeekmYUsA="
    },
    "has": {
      "version": "1.0.3",
      "resolved": "http://r.cnpmjs.org/has/download/has-1.0.3.tgz",
      "integrity": "sha1-ci18v8H2qoJB8W3YFOAR4fQeh5Y=",
      "requires": {
        "function-bind": "^1.1.1"
      }
    },
    "has-symbols": {
      "version": "1.0.0",
      "resolved": "http://r.cnpmjs.org/has-symbols/download/has-symbols-1.0.0.tgz",
      "integrity": "sha1-uhqPGvKg/DllD1yFA2dwQSIGO0Q="
    },
    "history": {
      "version": "4.9.0",
      "resolved": "http://r.cnpmjs.org/history/download/history-4.9.0.tgz",
      "integrity": "sha1-hFh8IGgDnq2K92np1qaGChT6G8o=",
      "requires": {
        "@babel/runtime": "^7.1.2",
        "loose-envify": "^1.2.0",
        "resolve-pathname": "^2.2.0",
        "tiny-invariant": "^1.0.2",
        "tiny-warning": "^1.0.0",
        "value-equal": "^0.4.0"
      }
    },
    "hoist-non-react-statics": {
      "version": "3.3.0",
      "resolved": "http://r.cnpmjs.org/hoist-non-react-statics/download/hoist-non-react-statics-3.3.0.tgz",
      "integrity": "sha1-sJF48BIhhPuVrPUl2q7LTY9FlYs=",
      "requires": {
        "react-is": "^16.7.0"
      }
    },
    "ignore": {
      "version": "3.3.10",
      "resolved": "http://r.cnpmjs.org/ignore/download/ignore-3.3.10.tgz",
      "integrity": "sha1-Cpf7h2mG6AgcYxFg+PnziRV/AEM="
    },
    "inflight": {
      "version": "1.0.6",
      "resolved": "http://r.cnpmjs.org/inflight/download/inflight-1.0.6.tgz",
      "integrity": "sha1-Sb1jMdfQLQwJvJEKEHW6gWW1bfk=",
      "requires": {
        "once": "^1.3.0",
        "wrappy": "1"
      }
    },
    "inherits": {
      "version": "2.0.4",
      "resolved": "https://registry.npmjs.org/inherits/-/inherits-2.0.4.tgz",
      "integrity": "sha512-k/vGaX4/Yla3WzyMCvTQOXYeIHvqOKtnqBduzTHpzpQZzAskKMhZ2K+EnBiSM9zGSoIFeMpXKxa4dYeZIQqewQ=="
    },
    "invariant": {
      "version": "2.2.4",
      "resolved": "http://r.cnpmjs.org/invariant/download/invariant-2.2.4.tgz",
      "integrity": "sha1-YQ88ksk1nOHbYW5TgAjSP/NRWOY=",
      "requires": {
        "loose-envify": "^1.0.0"
      }
    },
    "is-arguments": {
      "version": "1.0.4",
      "resolved": "http://r.cnpmjs.org/is-arguments/download/is-arguments-1.0.4.tgz",
      "integrity": "sha1-P6+WbHy6D/Q3+zH2JQCC/PBEjPM="
    },
    "is-callable": {
      "version": "1.1.4",
      "resolved": "http://r.cnpmjs.org/is-callable/download/is-callable-1.1.4.tgz",
      "integrity": "sha1-HhrfIZ4e62hNaR+dagX/DTCiTXU="
    },
    "is-date-object": {
      "version": "1.0.1",
      "resolved": "http://r.cnpmjs.org/is-date-object/download/is-date-object-1.0.1.tgz",
      "integrity": "sha1-mqIOtq7rv/d/vTPnTKAbM1gdOhY="
    },
    "is-generator-function": {
      "version": "1.0.7",
      "resolved": "http://r.cnpmjs.org/is-generator-function/download/is-generator-function-1.0.7.tgz",
      "integrity": "sha1-0hMuUpuwAAp/gHlNS99c1eWBNSI="
    },
    "is-regex": {
      "version": "1.0.4",
      "resolved": "http://r.cnpmjs.org/is-regex/download/is-regex-1.0.4.tgz",
      "integrity": "sha1-VRdIm1RwkbCTDglWVM7SXul+lJE=",
      "requires": {
        "has": "^1.0.1"
      }
    },
    "is-symbol": {
      "version": "1.0.2",
      "resolved": "http://r.cnpmjs.org/is-symbol/download/is-symbol-1.0.2.tgz",
      "integrity": "sha1-oFX2rlcZLK7jKeeoYBGLSXqVDzg=",
      "requires": {
        "has-symbols": "^1.0.0"
      }
    },
    "isarray": {
      "version": "0.0.1",
      "resolved": "https://registry.npmjs.org/isarray/-/isarray-0.0.1.tgz",
      "integrity": "sha1-ihis/Kmo9Bd+Cav8YDiTmwXR7t8="
    },
    "js-tokens": {
      "version": "4.0.0",
      "resolved": "http://r.cnpmjs.org/js-tokens/download/js-tokens-4.0.0.tgz",
      "integrity": "sha1-GSA/tZmR35jjoocFDUZHzerzJJk="
    },
    "lodash": {
      "version": "4.17.15",
      "resolved": "http://r.cnpmjs.org/lodash/download/lodash-4.17.15.tgz",
      "integrity": "sha1-tEf2ZwoEVbv+7dETku/zMOoJdUg="
    },
    "loose-envify": {
      "version": "1.4.0",
      "resolved": "http://r.cnpmjs.org/loose-envify/download/loose-envify-1.4.0.tgz",
      "integrity": "sha1-ce5R+nvkyuwaY4OffmgtgTLTDK8=",
      "requires": {
        "js-tokens": "^3.0.0 || ^4.0.0"
      }
    },
    "mini-create-react-context": {
      "version": "0.3.2",
      "resolved": "http://r.cnpmjs.org/mini-create-react-context/download/mini-create-react-context-0.3.2.tgz",
      "integrity": "sha1-efxZjyg91iPajgiLBduM3aslAYk=",
      "requires": {
        "@babel/runtime": "^7.4.0",
        "gud": "^1.0.0",
        "tiny-warning": "^1.0.2"
      }
    },
    "minimatch": {
      "version": "3.0.4",
      "resolved": "http://r.cnpmjs.org/minimatch/download/minimatch-3.0.4.tgz",
      "integrity": "sha1-UWbihkV/AzBgZL5Ul+jbsMPTIIM=",
      "requires": {
        "brace-expansion": "^1.1.7"
      }
    },
    "object-assign": {
      "version": "4.1.1",
      "resolved": "https://registry.npmjs.org/object-assign/-/object-assign-4.1.1.tgz",
      "integrity": "sha1-IQmtx5ZYh8/AXLvUQsrIv7s2CGM="
    },
    "object-keys": {
      "version": "1.1.1",
      "resolved": "http://r.cnpmjs.org/object-keys/download/object-keys-1.1.1.tgz",
      "integrity": "sha1-HEfyct8nfzsdrwYWd9nILiMixg4="
    },
    "object.entries": {
      "version": "1.1.0",
      "resolved": "http://r.cnpmjs.org/object.entries/download/object.entries-1.1.0.tgz",
      "integrity": "sha1-ICT8bWuiRq7ji9sP/Vz7zzcbdRk=",
      "requires": {
        "define-properties": "^1.1.3",
        "es-abstract": "^1.12.0",
        "function-bind": "^1.1.1",
        "has": "^1.0.3"
      }
    },
    "once": {
      "version": "1.4.0",
      "resolved": "http://r.cnpmjs.org/once/download/once-1.4.0.tgz",
      "integrity": "sha1-WDsap3WWHUsROsF9nFC6753Xa9E=",
      "requires": {
        "wrappy": "1"
      }
    },
    "path-is-absolute": {
      "version": "1.0.1",
      "resolved": "http://r.cnpmjs.org/path-is-absolute/download/path-is-absolute-1.0.1.tgz",
      "integrity": "sha1-F0uSaHNVNP+8es5r9TpanhtcX18="
    },
    "path-to-regexp": {
      "version": "1.7.0",
      "resolved": "https://registry.npmjs.org/path-to-regexp/-/path-to-regexp-1.7.0.tgz",
      "integrity": "sha1-Wf3g9DW62suhA6hOnTvGTpa5k30=",
      "requires": {
        "isarray": "0.0.1"
      }
    },
    "path-type": {
      "version": "3.0.0",
      "resolved": "http://r.cnpmjs.org/path-type/download/path-type-3.0.0.tgz",
      "integrity": "sha1-zvMdyOCho7sNEFwM2Xzzv0f0428=",
      "requires": {
        "pify": "^3.0.0"
      }
    },
    "pify": {
      "version": "3.0.0",
      "resolved": "http://r.cnpmjs.org/pify/download/pify-3.0.0.tgz",
      "integrity": "sha1-5aSs0sEB/fPZpNB/DbxNtJ3SgXY="
    },
    "prop-types": {
      "version": "15.7.2",
      "resolved": "http://r.cnpmjs.org/prop-types/download/prop-types-15.7.2.tgz",
      "integrity": "sha1-UsQedbjIfnK52TYOAga5ncv/psU=",
      "requires": {
        "loose-envify": "^1.4.0",
        "object-assign": "^4.1.1",
        "react-is": "^16.8.1"
      }
    },
    "react": {
      "version": "16.8.6",
      "resolved": "http://r.cnpmjs.org/react/download/react-16.8.6.tgz",
      "integrity": "sha1-rWw6lhT9Ok6e9REX9U2IjaAfK74=",
      "requires": {
        "loose-envify": "^1.1.0",
        "object-assign": "^4.1.1",
        "prop-types": "^15.6.2",
        "scheduler": "^0.13.6"
      }
    },
    "react-dom": {
      "version": "16.8.6",
      "resolved": "http://r.cnpmjs.org/react-dom/download/react-dom-16.8.6.tgz",
      "integrity": "sha1-cdYwP2MeiwCX9WFl72CPBR/24Q8=",
      "requires": {
        "loose-envify": "^1.1.0",
        "object-assign": "^4.1.1",
        "prop-types": "^15.6.2",
        "scheduler": "^0.13.6"
      }
    },
    "react-is": {
      "version": "16.8.6",
      "resolved": "http://r.cnpmjs.org/react-is/download/react-is-16.8.6.tgz",
      "integrity": "sha1-W7weLSkUHJ+9/tRWND/ivEMKahY="
    },
    "react-redux": {
      "version": "7.1.0",
      "resolved": "http://r.cnpmjs.org/react-redux/download/react-redux-7.1.0.tgz",
      "integrity": "sha1-cq989JCnSs3FFuqcHdgOJa+eoLI=",
      "requires": {
        "@babel/runtime": "^7.4.5",
        "hoist-non-react-statics": "^3.3.0",
        "invariant": "^2.2.4",
        "loose-envify": "^1.4.0",
        "prop-types": "^15.7.2",
        "react-is": "^16.8.6"
      }
    },
    "react-router": {
      "version": "5.0.1",
      "resolved": "http://r.cnpmjs.org/react-router/download/react-router-5.0.1.tgz",
      "integrity": "sha1-BO533x0atsuJOfnwGtVwLbrbiw8=",
      "requires": {
        "@babel/runtime": "^7.1.2",
        "history": "^4.9.0",
        "hoist-non-react-statics": "^3.1.0",
        "loose-envify": "^1.3.1",
        "mini-create-react-context": "^0.3.0",
        "path-to-regexp": "^1.7.0",
        "prop-types": "^15.6.2",
        "react-is": "^16.6.0",
        "tiny-invariant": "^1.0.2",
        "tiny-warning": "^1.0.0"
      }
    },
    "react-router-dom": {
      "version": "5.0.1",
      "resolved": "http://r.cnpmjs.org/react-router-dom/download/react-router-dom-5.0.1.tgz",
      "integrity": "sha1-7mb0pdGLYInDYZWORDSJ1rq3FL4=",
      "requires": {
        "@babel/runtime": "^7.1.2",
        "history": "^4.9.0",
        "loose-envify": "^1.3.1",
        "prop-types": "^15.6.2",
        "react-router": "5.0.1",
        "tiny-invariant": "^1.0.2",
        "tiny-warning": "^1.0.0"
      }
    },
    "redux": {
      "version": "4.0.4",
      "resolved": "http://r.cnpmjs.org/redux/download/redux-4.0.4.tgz",
      "integrity": "sha1-TuGusWS2PWobzFeuSqC25vp6N5Y=",
      "requires": {
        "loose-envify": "^1.4.0",
        "symbol-observable": "^1.2.0"
      }
    },
    "redux-observable": {
      "version": "1.1.0",
      "resolved": "http://r.cnpmjs.org/redux-observable/download/redux-observable-1.1.0.tgz",
      "integrity": "sha1-MjqP5T6J/bUZvigHtV8I4hwT5vE="
    },
    "redux-rain": {
      "version": "1.0.3",
      "resolved": "http://r.cnpmjs.org/redux-rain/download/redux-rain-1.0.3.tgz",
      "integrity": "sha1-z0arOiAEC8Ix2O6RSNet7JfG5nk=",
      "requires": {
        "invariant": "^2.2.4",
        "lodash": "^4.17.15",
        "react": "^16.8.6",
        "react-dom": "^16.8.6",
        "react-redux": "^7.1.0",
        "react-router-dom": "^5.0.1",
        "redux": "^4.0.1",
        "redux-observable": "^1.1.0",
        "rxjs": "^6.5.2",
        "util": "^0.12.1"
      }
    },
    "regenerator-runtime": {
      "version": "0.13.3",
      "resolved": "http://r.cnpmjs.org/regenerator-runtime/download/regenerator-runtime-0.13.3.tgz",
      "integrity": "sha1-fPanfY9cb2Drc8X8GVWyzrAea/U="
    },
    "resolve-pathname": {
      "version": "2.2.0",
      "resolved": "http://r.cnpmjs.org/resolve-pathname/download/resolve-pathname-2.2.0.tgz",
      "integrity": "sha1-fpriHtgV/WOrGJre7mTcgx7vqHk="
    },
    "rxjs": {
      "version": "6.5.2",
      "resolved": "http://r.cnpmjs.org/rxjs/download/rxjs-6.5.2.tgz",
      "integrity": "sha1-LjXOgVzUbYTQKiCftOWSHgUdvsc=",
      "requires": {
        "tslib": "^1.9.0"
      }
    },
    "safe-buffer": {
      "version": "5.2.0",
      "resolved": "http://r.cnpmjs.org/safe-buffer/download/safe-buffer-5.2.0.tgz",
      "integrity": "sha1-t02uxJsRSPiMZLaNSbHoFcHy9Rk="
    },
    "scheduler": {
      "version": "0.13.6",
      "resolved": "http://r.cnpmjs.org/scheduler/download/scheduler-0.13.6.tgz",
      "integrity": "sha1-RmpOwzJGezGpG5v3TlNHBy5M2Ik=",
      "requires": {
        "loose-envify": "^1.1.0",
        "object-assign": "^4.1.1"
      }
    },
    "slash": {
      "version": "1.0.0",
      "resolved": "http://r.cnpmjs.org/slash/download/slash-1.0.0.tgz",
      "integrity": "sha1-xB8vbDn8FtHNF61LXYlhFK5HDVU="
    },
    "symbol-observable": {
      "version": "1.2.0",
      "resolved": "http://r.cnpmjs.org/symbol-observable/download/symbol-observable-1.2.0.tgz",
      "integrity": "sha1-wiaIrtTqs83C3+rLtWFmBWCgCAQ="
    },
    "tiny-invariant": {
      "version": "1.0.6",
      "resolved": "http://r.cnpmjs.org/tiny-invariant/download/tiny-invariant-1.0.6.tgz",
      "integrity": "sha1-s/mziDXjakHIQ6OwkHpaezdV3nM="
    },
    "tiny-warning": {
      "version": "1.0.3",
      "resolved": "http://r.cnpmjs.org/tiny-warning/download/tiny-warning-1.0.3.tgz",
      "integrity": "sha1-lKMNtFPfTGQ9D9VmBg1gqHXYR1Q="
    },
    "tslib": {
      "version": "1.10.0",
      "resolved": "http://r.cnpmjs.org/tslib/download/tslib-1.10.0.tgz",
      "integrity": "sha1-w8GflZc/sKYpc/sJ2Q2WHuQ+XIo="
    },
    "util": {
      "version": "0.12.1",
      "resolved": "http://r.cnpmjs.org/util/download/util-0.12.1.tgz",
      "integrity": "sha1-+QjntjPnOWx2TmlN0U5xYlbOit4=",
      "requires": {
        "inherits": "^2.0.3",
        "is-arguments": "^1.0.4",
        "is-generator-function": "^1.0.7",
        "object.entries": "^1.1.0",
        "safe-buffer": "^5.1.2"
      }
    },
    "value-equal": {
      "version": "0.4.0",
      "resolved": "http://r.cnpmjs.org/value-equal/download/value-equal-0.4.0.tgz",
      "integrity": "sha1-xb3S9U7gk8BIOdcc4uR1imiQq8c="
    },
    "wrappy": {
      "version": "1.0.2",
      "resolved": "http://r.cnpmjs.org/wrappy/download/wrappy-1.0.2.tgz",
      "integrity": "sha1-tSQ9jz7BqjXxNkYFvA0QNuMKtp8="
    }
  }
}
